
Microsoft Visual Studio Solution File, Format Version 12.00
# Visual Studio Version 17
VisualStudioVersion = 17.12.35527.113 d17.12
MinimumVisualStudioVersion = 10.0.40219.1
Project("{FAE04EC0-301F-11D3-BF4B-00C04F79EFBC}") = "ejercicio4", "ejercicio4\ejercicio4.csproj", "{13CF441C-87B0-4612-996D-E1C43B1CE49B}"
EndProject
Global
	GlobalSection(SolutionConfigurationPlatforms) = preSolution
		Debug|Any CPU = Debug|Any CPU
		Release|Any CPU = Release|Any CPU
	EndGlobalSection
	GlobalSection(ProjectConfigurationPlatforms) = postSolution
		{13CF441C-87B0-4612-996D-E1C43B1CE49B}.Debug|Any CPU.ActiveCfg = Debug|Any CPU
		{13CF441C-87B0-4612-996D-E1C43B1CE49B}.Debug|Any CPU.Build.0 = Debug|Any CPU
		{13CF441C-87B0-4612-996D-E1C43B1CE49B}.Release|Any CPU.ActiveCfg = Release|Any CPU
		{13CF441C-87B0-4612-996D-E1C43B1CE49B}.Release|Any CPU.Build.0 = Release|Any CPU
	EndGlobalSection
	GlobalSection(SolutionProperties) = preSolution
		HideSolutionNode = FALSE
	EndGlobalSection
EndGlobal
