
Microsoft Visual Studio Solution File, Format Version 12.00
# Visual Studio Version 17
VisualStudioVersion = 17.10.35027.167
MinimumVisualStudioVersion = 10.0.40219.1
Project("{9A19103F-16F7-4668-BE54-9A1E7A4F7556}") = "conversionTipos", "ventana2\conversionTipos.csproj", "{78D3470F-2C32-4528-A692-910B56EDF58D}"
EndProject
Global
	GlobalSection(SolutionConfigurationPlatforms) = preSolution
		Debug|Any CPU = Debug|Any CPU
		Release|Any CPU = Release|Any CPU
	EndGlobalSection
	GlobalSection(ProjectConfigurationPlatforms) = postSolution
		{78D3470F-2C32-4528-A692-910B56EDF58D}.Debug|Any CPU.ActiveCfg = Debug|Any CPU
		{78D3470F-2C32-4528-A692-910B56EDF58D}.Debug|Any CPU.Build.0 = Debug|Any CPU
		{78D3470F-2C32-4528-A692-910B56EDF58D}.Release|Any CPU.ActiveCfg = Release|Any CPU
		{78D3470F-2C32-4528-A692-910B56EDF58D}.Release|Any CPU.Build.0 = Release|Any CPU
	EndGlobalSection
	GlobalSection(SolutionProperties) = preSolution
		HideSolutionNode = FALSE
	EndGlobalSection
	GlobalSection(ExtensibilityGlobals) = postSolution
		SolutionGuid = {F16100F2-8836-4B35-9CBF-B2F133ACA124}
	EndGlobalSection
EndGlobal
